<?xml version="1.0" encoding="UTF-8"?>
<Scheme
   version = "1.3">
   <BuildAction>
      <BuildActionEntries>
         <BuildActionEntry
            buildForRunning = "YES"
            buildForTesting = "YES">
            <BuildableReference
               BuildableIdentifier = "primary"
               BlueprintIdentifier = "443E77231A6BBCFD0093EA7C"
               BuildableName = "PlayWithArraysTests.xctest"
               BlueprintName = "PlayWithArraysTests"
               ReferencedContainer = "container:PlayWithArrays.xcodeproj">
            </BuildableReference>
         </BuildActionEntry>
      </BuildActionEntries>
   </BuildAction>
   <TestAction
      buildConfiguration = "Debug">
      <Testables>
         <TestableReference>
            <BuildableReference
               BuildableIdentifier = "primary"
               BlueprintIdentifier = "443E77231A6BBCFD0093EA7C"
               BuildableName = "PlayWithArraysTests.xctest"
               BlueprintName = "PlayWithArraysTests"
               ReferencedContainer = "container:PlayWithArrays.xcodeproj">
            </BuildableReference>
            <SkippedTests>
               <Test
                  Identifier = "PlayWithArraysTests/testExample01">
               </Test>
               <Test
                  Identifier = "PlayWithArraysTests/testExample02">
               </Test>
               <Test
                  Identifier = "PlayWithArraysTests/testExample03">
               </Test>
               <Test
                  Identifier = "PlayWithArraysTests/testExample04">
               </Test>
               <Test
                  Identifier = "PlayWithArraysTests/testExample05">
               </Test>
               <Test
                  Identifier = "PlayWithArraysTests/testExample06">
               </Test>
               <Test
                  Identifier = "PlayWithArraysTests/testExample08">
               </Test>
               <Test
                  Identifier = "PlayWithArraysTests/testExample09">
               </Test>
               <Test
                  Identifier = "PlayWithArraysTests/testExample10">
               </Test>
               <Test
                  Identifier = "PlayWithArraysTests/testExample11">
               </Test>
               <Test
                  Identifier = "PlayWithArraysTests/testExamples07">
               </Test>
               <Test
                  Identifier = "PlayWithArraysTests/testPerformanceExample">
               </Test>
            </SkippedTests>
         </TestableReference>
      </Testables>
   </TestAction>
   <LaunchAction
      useCustomWorkingDirectory = "NO">
   </LaunchAction>
</Scheme>
